
Microsoft Visual Studio Solution File, Format Version 12.00
# Visual Studio Version 17
VisualStudioVersion = 17.9.34728.123
MinimumVisualStudioVersion = 10.0.40219.1
Project("{2150E333-8FDC-42A3-9474-1A3956D46DE8}") = "src", "src", "{2D9DBC4D-3FB0-4E1E-BD58-C819D6198DBE}"
EndProject
Project("{2150E333-8FDC-42A3-9474-1A3956D46DE8}") = "Identity", "Identity", "{A0A24875-F0E9-4BE9-937C-577258B57162}"
EndProject
Project("{9A19103F-16F7-4668-BE54-9A1E7A4F7556}") = "Identity.Api", "src\Identity\Identity.Api\Identity.Api.csproj", "{297DD443-C772-4267-88A5-F3093BD476CB}"
EndProject
Project("{9A19103F-16F7-4668-BE54-9A1E7A4F7556}") = "Identity.Application", "src\Identity\Identity.Application\Identity.Application.csproj", "{DCC50562-3AB9-43EA-B7B3-259FA2DDC2A1}"
EndProject
Project("{9A19103F-16F7-4668-BE54-9A1E7A4F7556}") = "Identity.Domain", "src\Identity\Identity.Domain\Identity.Domain.csproj", "{4A0AF62A-95CB-48EF-BFDE-6936B4850433}"
EndProject
Project("{9A19103F-16F7-4668-BE54-9A1E7A4F7556}") = "Identity.Infrastructure", "src\Identity\Identity.Infrastructure\Identity.Infrastructure.csproj", "{3095A920-4B67-4DF3-8B98-0798E74D0EED}"
EndProject
Project("{E53339B2-1760-4266-BCC7-CA923CBCF16C}") = "docker-compose", "docker-compose.dcproj", "{84021A33-AEB6-4C07-BFAD-658E0B5A95E3}"
EndProject
Project("{2150E333-8FDC-42A3-9474-1A3956D46DE8}") = "Shared Kernel", "Shared Kernel", "{5D0EAC07-25AE-44E7-A0A5-7FBEFA08E046}"
EndProject
Project("{9A19103F-16F7-4668-BE54-9A1E7A4F7556}") = "SharedKernel", "src\SharedKernel\SharedKernel\SharedKernel.csproj", "{8DED0F69-6F93-424F-9BDC-555BF30BD396}"
EndProject
Project("{2150E333-8FDC-42A3-9474-1A3956D46DE8}") = "Solution Items", "Solution Items", "{54A21C5D-A4A6-4F3B-B5E5-FC8FB80AD6CF}"
	ProjectSection(SolutionItems) = preProject
		.editorconfig = .editorconfig
	EndProjectSection
EndProject
Global
	GlobalSection(SolutionConfigurationPlatforms) = preSolution
		Debug|Any CPU = Debug|Any CPU
		Release|Any CPU = Release|Any CPU
	EndGlobalSection
	GlobalSection(ProjectConfigurationPlatforms) = postSolution
		{297DD443-C772-4267-88A5-F3093BD476CB}.Debug|Any CPU.ActiveCfg = Debug|Any CPU
		{297DD443-C772-4267-88A5-F3093BD476CB}.Debug|Any CPU.Build.0 = Debug|Any CPU
		{297DD443-C772-4267-88A5-F3093BD476CB}.Release|Any CPU.ActiveCfg = Release|Any CPU
		{297DD443-C772-4267-88A5-F3093BD476CB}.Release|Any CPU.Build.0 = Release|Any CPU
		{DCC50562-3AB9-43EA-B7B3-259FA2DDC2A1}.Debug|Any CPU.ActiveCfg = Debug|Any CPU
		{DCC50562-3AB9-43EA-B7B3-259FA2DDC2A1}.Debug|Any CPU.Build.0 = Debug|Any CPU
		{DCC50562-3AB9-43EA-B7B3-259FA2DDC2A1}.Release|Any CPU.ActiveCfg = Release|Any CPU
		{DCC50562-3AB9-43EA-B7B3-259FA2DDC2A1}.Release|Any CPU.Build.0 = Release|Any CPU
		{4A0AF62A-95CB-48EF-BFDE-6936B4850433}.Debug|Any CPU.ActiveCfg = Debug|Any CPU
		{4A0AF62A-95CB-48EF-BFDE-6936B4850433}.Debug|Any CPU.Build.0 = Debug|Any CPU
		{4A0AF62A-95CB-48EF-BFDE-6936B4850433}.Release|Any CPU.ActiveCfg = Release|Any CPU
		{4A0AF62A-95CB-48EF-BFDE-6936B4850433}.Release|Any CPU.Build.0 = Release|Any CPU
		{3095A920-4B67-4DF3-8B98-0798E74D0EED}.Debug|Any CPU.ActiveCfg = Debug|Any CPU
		{3095A920-4B67-4DF3-8B98-0798E74D0EED}.Debug|Any CPU.Build.0 = Debug|Any CPU
		{3095A920-4B67-4DF3-8B98-0798E74D0EED}.Release|Any CPU.ActiveCfg = Release|Any CPU
		{3095A920-4B67-4DF3-8B98-0798E74D0EED}.Release|Any CPU.Build.0 = Release|Any CPU
		{84021A33-AEB6-4C07-BFAD-658E0B5A95E3}.Debug|Any CPU.ActiveCfg = Debug|Any CPU
		{84021A33-AEB6-4C07-BFAD-658E0B5A95E3}.Debug|Any CPU.Build.0 = Debug|Any CPU
		{84021A33-AEB6-4C07-BFAD-658E0B5A95E3}.Release|Any CPU.ActiveCfg = Release|Any CPU
		{84021A33-AEB6-4C07-BFAD-658E0B5A95E3}.Release|Any CPU.Build.0 = Release|Any CPU
		{8DED0F69-6F93-424F-9BDC-555BF30BD396}.Debug|Any CPU.ActiveCfg = Debug|Any CPU
		{8DED0F69-6F93-424F-9BDC-555BF30BD396}.Debug|Any CPU.Build.0 = Debug|Any CPU
		{8DED0F69-6F93-424F-9BDC-555BF30BD396}.Release|Any CPU.ActiveCfg = Release|Any CPU
		{8DED0F69-6F93-424F-9BDC-555BF30BD396}.Release|Any CPU.Build.0 = Release|Any CPU
	EndGlobalSection
	GlobalSection(SolutionProperties) = preSolution
		HideSolutionNode = FALSE
	EndGlobalSection
	GlobalSection(NestedProjects) = preSolution
		{A0A24875-F0E9-4BE9-937C-577258B57162} = {2D9DBC4D-3FB0-4E1E-BD58-C819D6198DBE}
		{297DD443-C772-4267-88A5-F3093BD476CB} = {A0A24875-F0E9-4BE9-937C-577258B57162}
		{DCC50562-3AB9-43EA-B7B3-259FA2DDC2A1} = {A0A24875-F0E9-4BE9-937C-577258B57162}
		{4A0AF62A-95CB-48EF-BFDE-6936B4850433} = {A0A24875-F0E9-4BE9-937C-577258B57162}
		{3095A920-4B67-4DF3-8B98-0798E74D0EED} = {A0A24875-F0E9-4BE9-937C-577258B57162}
		{5D0EAC07-25AE-44E7-A0A5-7FBEFA08E046} = {2D9DBC4D-3FB0-4E1E-BD58-C819D6198DBE}
		{8DED0F69-6F93-424F-9BDC-555BF30BD396} = {5D0EAC07-25AE-44E7-A0A5-7FBEFA08E046}
	EndGlobalSection
	GlobalSection(ExtensibilityGlobals) = postSolution
		SolutionGuid = {2204AF33-57FD-4F95-AF62-D60883E7E43E}
	EndGlobalSection
EndGlobal
